
Microsoft Visual Studio Solution File, Format Version 12.00
Project("{FAE04EC0-301F-11D3-BF4B-00C04F79EFBC}") = "Micky5991.Quests", "Quests\Quests.csproj", "{9D21A0D9-5D75-4C59-BBE0-C4D468AB8F85}"
EndProject
Project("{FAE04EC0-301F-11D3-BF4B-00C04F79EFBC}") = "Quests.Tests", "Quests.Tests\Quests.Tests.csproj", "{18807423-DF4B-4534-B390-C0B5ACB7050B}"
EndProject
Project("{FAE04EC0-301F-11D3-BF4B-00C04F79EFBC}") = "Quests.Example", "Quests.Example\Quests.Example.csproj", "{0C6AB044-C799-451F-B8BE-C2D8061EEFEE}"
EndProject
Global
	GlobalSection(SolutionConfigurationPlatforms) = preSolution
		Debug|Any CPU = Debug|Any CPU
		Release|Any CPU = Release|Any CPU
	EndGlobalSection
	GlobalSection(ProjectConfigurationPlatforms) = postSolution
		{9D21A0D9-5D75-4C59-BBE0-C4D468AB8F85}.Debug|Any CPU.ActiveCfg = Debug|Any CPU
		{9D21A0D9-5D75-4C59-BBE0-C4D468AB8F85}.Debug|Any CPU.Build.0 = Debug|Any CPU
		{9D21A0D9-5D75-4C59-BBE0-C4D468AB8F85}.Release|Any CPU.ActiveCfg = Release|Any CPU
		{9D21A0D9-5D75-4C59-BBE0-C4D468AB8F85}.Release|Any CPU.Build.0 = Release|Any CPU
		{18807423-DF4B-4534-B390-C0B5ACB7050B}.Debug|Any CPU.ActiveCfg = Debug|Any CPU
		{18807423-DF4B-4534-B390-C0B5ACB7050B}.Debug|Any CPU.Build.0 = Debug|Any CPU
		{18807423-DF4B-4534-B390-C0B5ACB7050B}.Release|Any CPU.ActiveCfg = Release|Any CPU
		{18807423-DF4B-4534-B390-C0B5ACB7050B}.Release|Any CPU.Build.0 = Release|Any CPU
		{0C6AB044-C799-451F-B8BE-C2D8061EEFEE}.Debug|Any CPU.ActiveCfg = Debug|Any CPU
		{0C6AB044-C799-451F-B8BE-C2D8061EEFEE}.Debug|Any CPU.Build.0 = Debug|Any CPU
		{0C6AB044-C799-451F-B8BE-C2D8061EEFEE}.Release|Any CPU.ActiveCfg = Release|Any CPU
		{0C6AB044-C799-451F-B8BE-C2D8061EEFEE}.Release|Any CPU.Build.0 = Release|Any CPU
	EndGlobalSection
EndGlobal
